PODS:
  - DawnTransition (1.1.0)
  - Kingfisher (8.4.0)
  - SwiftyJSON (5.0.2)

DEPENDENCIES:
  - DawnTransition (~> 1.1.0)
  - Kingfisher
  - SwiftyJSON

SPEC REPOS:
  trunk:
    - DawnTransition
    - Kingfisher
    - SwiftyJSON

SPEC CHECKSUMS:
  DawnTransition: 8fe52eb18fa6fdb5c79401be590f2c757f896da1
  Kingfisher: b14cc47bbfa7a3c150dd12962ee9c86338545629
  SwiftyJSON: f5b1bf1cd8dd53cd25887ac0eabcfd92301c6a5a

PODFILE CHECKSUM: 5da058517563d7fbde044c10063512fe897edb47

COCOAPODS: 1.16.2
